
Microsoft Visual Studio Solution File, Format Version 12.00
# Visual Studio 15
VisualStudioVersion = 15.0.27428.2037
MinimumVisualStudioVersion = 10.0.40219.1
Project("{FAE04EC0-301F-11D3-BF4B-00C04F79EFBC}") = "RestaurantReviews.Library", "RestaurantReviews.Library\RestaurantReviews.Library.csproj", "{F10B9E34-9A74-464D-8720-E60B2DB47A7C}"
EndProject
Global
	GlobalSection(SolutionConfigurationPlatforms) = preSolution
		Debug|Any CPU = Debug|Any CPU
		Release|Any CPU = Release|Any CPU
	EndGlobalSection
	GlobalSection(ProjectConfigurationPlatforms) = postSolution
		{F10B9E34-9A74-464D-8720-E60B2DB47A7C}.Debug|Any CPU.ActiveCfg = Debug|Any CPU
		{F10B9E34-9A74-464D-8720-E60B2DB47A7C}.Debug|Any CPU.Build.0 = Debug|Any CPU
		{F10B9E34-9A74-464D-8720-E60B2DB47A7C}.Release|Any CPU.ActiveCfg = Release|Any CPU
		{F10B9E34-9A74-464D-8720-E60B2DB47A7C}.Release|Any CPU.Build.0 = Release|Any CPU
	EndGlobalSection
	GlobalSection(SolutionProperties) = preSolution
		HideSolutionNode = FALSE
	EndGlobalSection
	GlobalSection(ExtensibilityGlobals) = postSolution
		SolutionGuid = {C39523F9-8F63-43C9-8247-429D9BF91A33}
	EndGlobalSection
EndGlobal
